<?xml version="1.0" encoding="utf-8"?>
<Project ToolsVersion="4.0" xmlns="http://schemas.microsoft.com/developer/msbuild/2003">
  <ItemGroup>
    <Filter Include="Source Files">
      <UniqueIdentifier>{4FC737F1-C7A5-4376-A066-2A32D752A2FF}</UniqueIdentifier>
      <Extensions>cpp;c;cc;cxx;def;odl;idl;hpj;bat;asm;asmx</Extensions>
    </Filter>
    <Filter Include="Resource Files">
      <UniqueIdentifier>{67DA6AB6-F800-4c08-8B7A-83BB121AAD01}</UniqueIdentifier>
      <Extensions>rc;ico;cur;bmp;dlg;rc2;rct;bin;rgs;gif;jpg;jpeg;jpe;resx;tiff;tif;png;wav;mfcribbon-ms</Extensions>
    </Filter>
    <Filter Include="Holders">
      <UniqueIdentifier>{ae0c7d5c-f2ed-4130-8dfa-a9f551f9c1ac}</UniqueIdentifier>
    </Filter>
    <Filter Include="GameRunner">
      <UniqueIdentifier>{93995380-89BD-4b04-88EB-625FBE52EBFB}</UniqueIdentifier>
      <Extensions>h;hpp;hxx;hm;inl;inc;xsd</Extensions>
    </Filter>
    <Filter Include="Holders\Items">
      <UniqueIdentifier>{3d6984f4-30d1-47b3-9259-254617329026}</UniqueIdentifier>
    </Filter>
    <Filter Include="Holders\Entities">
      <UniqueIdentifier>{7948f9b4-acdd-42bc-957d-f0de5d64a2ce}</UniqueIdentifier>
    </Filter>
    <Filter Include="Holders\World">
      <UniqueIdentifier>{8ff2f937-2df9-4c03-a077-18200e28232f}</UniqueIdentifier>
    </Filter>
  </ItemGroup>
  <ItemGroup>
    <ClInclude Include="DirectXFramework.h">
      <Filter>GameRunner</Filter>
    </ClInclude>
    <ClInclude Include="Game.h">
      <Filter>GameRunner</Filter>
    </ClInclude>
    <ClInclude Include="Graphics.h">
      <Filter>GameRunner</Filter>
    </ClInclude>
    <ClInclude Include="templatedArray.h">
      <Filter>Holders</Filter>
    </ClInclude>
    <ClInclude Include="V2D.h">
      <Filter>Holders</Filter>
    </ClInclude>
    <ClInclude Include="Button.h">
      <Filter>Holders\Items</Filter>
    </ClInclude>
    <ClInclude Include="Armor.h">
      <Filter>Holders\Items</Filter>
    </ClInclude>
    <ClInclude Include="Item.h">
      <Filter>Holders\Items</Filter>
    </ClInclude>
    <ClInclude Include="RangedWeapon.h">
      <Filter>Holders\Items</Filter>
    </ClInclude>
    <ClInclude Include="Weapon.h">
      <Filter>Holders\Items</Filter>
    </ClInclude>
    <ClInclude Include="Utility.h">
      <Filter>Holders\Items</Filter>
    </ClInclude>
    <ClInclude Include="Enemy.h">
      <Filter>Holders\Entities</Filter>
    </ClInclude>
    <ClInclude Include="Entity.h">
      <Filter>Holders\Entities</Filter>
    </ClInclude>
    <ClInclude Include="PlaceHolder.h">
      <Filter>Holders\Entities</Filter>
    </ClInclude>
    <ClInclude Include="Player.h">
      <Filter>Holders\Entities</Filter>
    </ClInclude>
    <ClInclude Include="Friendly.h">
      <Filter>Holders\Entities</Filter>
    </ClInclude>
    <ClInclude Include="Floor.h">
      <Filter>Holders\World</Filter>
    </ClInclude>
    <ClInclude Include="Map.h">
      <Filter>Holders\World</Filter>
    </ClInclude>
    <ClInclude Include="PathHelper.h">
      <Filter>Holders\World</Filter>
    </ClInclude>
    <ClInclude Include="Tile.h">
      <Filter>Holders\World</Filter>
    </ClInclude>
    <ClInclude Include="Exit.h">
      <Filter>Holders\Entities</Filter>
    </ClInclude>
    <ClInclude Include="Loot.h">
      <Filter>Holders\Items</Filter>
    </ClInclude>
  </ItemGroup>
  <ItemGroup>
    <None Include="DEBUG.txt">
      <Filter>Resource Files</Filter>
    </None>
    <None Include="Delicious-Roman.otf">
      <Filter>Resource Files</Filter>
    </None>
    <None Include="Map.txt">
      <Filter>Resource Files</Filter>
    </None>
  </ItemGroup>
  <ItemGroup>
    <ClCompile Include="DirectXFramework.cpp">
      <Filter>Source Files</Filter>
    </ClCompile>
    <ClCompile Include="Map.cpp">
      <Filter>Source Files</Filter>
    </ClCompile>
    <ClCompile Include="WinMain.cpp">
      <Filter>Source Files</Filter>
    </ClCompile>
    <ClCompile Include="Tile.cpp">
      <Filter>Source Files</Filter>
    </ClCompile>
    <ClCompile Include="PlaceHolder.cpp">
      <Filter>Source Files</Filter>
    </ClCompile>
    <ClCompile Include="Player.cpp">
      <Filter>Source Files</Filter>
    </ClCompile>
    <ClCompile Include="Armor.cpp">
      <Filter>Source Files</Filter>
    </ClCompile>
    <ClCompile Include="Item.cpp">
      <Filter>Source Files</Filter>
    </ClCompile>
    <ClCompile Include="RangedWeapon.cpp">
      <Filter>Source Files</Filter>
    </ClCompile>
    <ClCompile Include="Weapon.cpp">
      <Filter>Source Files</Filter>
    </ClCompile>
    <ClCompile Include="Utility.cpp">
      <Filter>Source Files</Filter>
    </ClCompile>
    <ClCompile Include="Exit.cpp">
      <Filter>Source Files</Filter>
    </ClCompile>
  </ItemGroup>
</Project>